<?xml version="1.0" encoding="utf-8"?>
<Project ToolsVersion="4.0" xmlns="http://schemas.microsoft.com/developer/msbuild/2003">
  <ItemGroup>
    <Filter Include="源文件">
      <UniqueIdentifier>{4FC737F1-C7A5-4376-A066-2A32D752A2FF}</UniqueIdentifier>
      <Extensions>cpp;c;cc;cxx;def;odl;idl;hpj;bat;asm;asmx</Extensions>
    </Filter>
    <Filter Include="头文件">
      <UniqueIdentifier>{93995380-89BD-4b04-88EB-625FBE52EBFB}</UniqueIdentifier>
      <Extensions>h;hpp;hxx;hm;inl;inc;xsd</Extensions>
    </Filter>
    <Filter Include="资源文件">
      <UniqueIdentifier>{67DA6AB6-F800-4c08-8B7A-83BB121AAD01}</UniqueIdentifier>
      <Extensions>rc;ico;cur;bmp;dlg;rc2;rct;bin;rgs;gif;jpg;jpeg;jpe;resx;tiff;tif;png;wav;mfcribbon-ms</Extensions>
    </Filter>
  </ItemGroup>
  <ItemGroup>
    <None Include="ReadMe.txt" />
  </ItemGroup>
  <ItemGroup>
    <ClInclude Include="stdafx.h">
      <Filter>头文件</Filter>
    </ClInclude>
    <ClInclude Include="targetver.h">
      <Filter>头文件</Filter>
    </ClInclude>
    <ClInclude Include="head.h">
      <Filter>头文件</Filter>
    </ClInclude>
  </ItemGroup>
  <ItemGroup>
    <ClCompile Include="stdafx.cpp">
      <Filter>源文件</Filter>
    </ClCompile>
    <ClCompile Include="Grain_v1_crypt.cpp">
      <Filter>源文件</Filter>
    </ClCompile>
    <ClCompile Include="ConverterGrain.cpp">
      <Filter>源文件</Filter>
    </ClCompile>
    <ClCompile Include="Test_output_diff_distribute.cpp">
      <Filter>源文件</Filter>
    </ClCompile>
    <ClCompile Include="Search_all_near_diff_states_construct_table.cpp">
      <Filter>源文件</Filter>
    </ClCompile>
    <ClCompile Include="Simple_Algorithm_support.cpp">
      <Filter>源文件</Filter>
    </ClCompile>
    <ClCompile Include="Cal_Average_Size_Special_tables.cpp">
      <Filter>源文件</Filter>
    </ClCompile>
    <ClCompile Include="Grain_reduced.cpp">
      <Filter>源文件</Filter>
    </ClCompile>
    <ClCompile Include="Grain_reduced_sampling_resistance.cpp">
      <Filter>源文件</Filter>
    </ClCompile>
    <ClCompile Include="NCA-2.0-Offline.cpp">
      <Filter>源文件</Filter>
    </ClCompile>
    <ClCompile Include="NCA-1.0-Offline.cpp">
      <Filter>源文件</Filter>
    </ClCompile>
    <ClCompile Include="NCA-3.0-Offline.cpp">
      <Filter>源文件</Filter>
    </ClCompile>
    <ClCompile Include="time_cal.cpp">
      <Filter>源文件</Filter>
    </ClCompile>
    <ClCompile Include="Random_test_Grain_reduce.cpp">
      <Filter>源文件</Filter>
    </ClCompile>
    <ClCompile Include="NCA-1.0-Online Attack.cpp">
      <Filter>源文件</Filter>
    </ClCompile>
    <ClCompile Include="NCA-2.0-Online Attack.cpp">
      <Filter>源文件</Filter>
    </ClCompile>
    <ClCompile Include="NCA-3.0-Online Attack.cpp">
      <Filter>源文件</Filter>
    </ClCompile>
    <ClCompile Include="RC4_random_gen.cpp">
      <Filter>源文件</Filter>
    </ClCompile>
    <ClCompile Include="NCA-3.0-Assumption.cpp">
      <Filter>源文件</Filter>
    </ClCompile>
    <ClCompile Include="NCA-3.0-Test.cpp">
      <Filter>源文件</Filter>
    </ClCompile>
    <ClCompile Include="NCA-2.0-Test.cpp">
      <Filter>源文件</Filter>
    </ClCompile>
    <ClCompile Include="test.cpp">
      <Filter>源文件</Filter>
    </ClCompile>
  </ItemGroup>
</Project>